
Microsoft Visual Studio Solution File, Format Version 12.00
# Visual Studio Version 17
VisualStudioVersion = 17.2.32630.192
MinimumVisualStudioVersion = 10.0.40219.1
Project("{9A19103F-16F7-4668-BE54-9A1E7A4F7556}") = "SumMatrixElements", "SumMatrixElements\SumMatrixElements.csproj", "{7851CE23-010A-448D-89C5-B81608977A44}"
EndProject
Project("{9A19103F-16F7-4668-BE54-9A1E7A4F7556}") = "SumMatrixColumns", "SumMatrixColumns\SumMatrixColumns.csproj", "{6CB54EB3-216D-4A21-B057-C1401722CD0F}"
EndProject
Project("{9A19103F-16F7-4668-BE54-9A1E7A4F7556}") = "PrimaryDIagonal", "PrimaryDIagonal\PrimaryDIagonal.csproj", "{1C7B1E93-5F44-4569-B115-B53DD7940472}"
EndProject
Project("{FAE04EC0-301F-11D3-BF4B-00C04F79EFBC}") = "SymbolInMatrix", "SymbolInMatrix\SymbolInMatrix.csproj", "{7A9ECAB3-047A-4077-B8DA-6E7AB7D7428C}"
EndProject
Global
	GlobalSection(SolutionConfigurationPlatforms) = preSolution
		Debug|Any CPU = Debug|Any CPU
		Release|Any CPU = Release|Any CPU
	EndGlobalSection
	GlobalSection(ProjectConfigurationPlatforms) = postSolution
		{7851CE23-010A-448D-89C5-B81608977A44}.Debug|Any CPU.ActiveCfg = Debug|Any CPU
		{7851CE23-010A-448D-89C5-B81608977A44}.Debug|Any CPU.Build.0 = Debug|Any CPU
		{7851CE23-010A-448D-89C5-B81608977A44}.Release|Any CPU.ActiveCfg = Release|Any CPU
		{7851CE23-010A-448D-89C5-B81608977A44}.Release|Any CPU.Build.0 = Release|Any CPU
		{6CB54EB3-216D-4A21-B057-C1401722CD0F}.Debug|Any CPU.ActiveCfg = Debug|Any CPU
		{6CB54EB3-216D-4A21-B057-C1401722CD0F}.Debug|Any CPU.Build.0 = Debug|Any CPU
		{6CB54EB3-216D-4A21-B057-C1401722CD0F}.Release|Any CPU.ActiveCfg = Release|Any CPU
		{6CB54EB3-216D-4A21-B057-C1401722CD0F}.Release|Any CPU.Build.0 = Release|Any CPU
		{1C7B1E93-5F44-4569-B115-B53DD7940472}.Debug|Any CPU.ActiveCfg = Debug|Any CPU
		{1C7B1E93-5F44-4569-B115-B53DD7940472}.Debug|Any CPU.Build.0 = Debug|Any CPU
		{1C7B1E93-5F44-4569-B115-B53DD7940472}.Release|Any CPU.ActiveCfg = Release|Any CPU
		{1C7B1E93-5F44-4569-B115-B53DD7940472}.Release|Any CPU.Build.0 = Release|Any CPU
		{7A9ECAB3-047A-4077-B8DA-6E7AB7D7428C}.Debug|Any CPU.ActiveCfg = Debug|Any CPU
		{7A9ECAB3-047A-4077-B8DA-6E7AB7D7428C}.Debug|Any CPU.Build.0 = Debug|Any CPU
		{7A9ECAB3-047A-4077-B8DA-6E7AB7D7428C}.Release|Any CPU.ActiveCfg = Release|Any CPU
		{7A9ECAB3-047A-4077-B8DA-6E7AB7D7428C}.Release|Any CPU.Build.0 = Release|Any CPU
	EndGlobalSection
	GlobalSection(SolutionProperties) = preSolution
		HideSolutionNode = FALSE
	EndGlobalSection
	GlobalSection(ExtensibilityGlobals) = postSolution
		SolutionGuid = {6AF11A3D-A97C-4023-8D1B-455D9DFDB055}
	EndGlobalSection
EndGlobal
