
Microsoft Visual Studio Solution File, Format Version 12.00
# Visual Studio Version 17
VisualStudioVersion = 17.2.32630.192
MinimumVisualStudioVersion = 10.0.40219.1
Project("{9A19103F-16F7-4668-BE54-9A1E7A4F7556}") = "SortEvenNumber", "SortEvenNumber\SortEvenNumber.csproj", "{210350FF-D377-4874-817B-EB5907F4FACE}"
EndProject
Project("{9A19103F-16F7-4668-BE54-9A1E7A4F7556}") = "SumNumbers", "SumNumbers\SumNumbers.csproj", "{6BB7393F-482C-4020-9C66-41C44D71BC81}"
EndProject
Project("{9A19103F-16F7-4668-BE54-9A1E7A4F7556}") = "CountUppercaseWords", "CountUppercaseWords\CountUppercaseWords.csproj", "{56BFE961-D5B0-4E54-8369-8C7165E56F1D}"
EndProject
Project("{9A19103F-16F7-4668-BE54-9A1E7A4F7556}") = "AddVAT", "AddVAT\AddVAT.csproj", "{BDC8DCC7-7306-4D65-B33A-C20966C30310}"
EndProject
Project("{9A19103F-16F7-4668-BE54-9A1E7A4F7556}") = "FilterByAge", "FilterByAge\FilterByAge.csproj", "{9E5245F2-C1FB-466A-A2B2-05D2C8CF83F0}"
EndProject
Project("{FAE04EC0-301F-11D3-BF4B-00C04F79EFBC}") = "CustomMinFunction", "CustomMinFunction\CustomMinFunction.csproj", "{4109D09B-B2EC-43D1-96DD-471198CE922B}"
EndProject
Global
	GlobalSection(SolutionConfigurationPlatforms) = preSolution
		Debug|Any CPU = Debug|Any CPU
		Release|Any CPU = Release|Any CPU
	EndGlobalSection
	GlobalSection(ProjectConfigurationPlatforms) = postSolution
		{210350FF-D377-4874-817B-EB5907F4FACE}.Debug|Any CPU.ActiveCfg = Debug|Any CPU
		{210350FF-D377-4874-817B-EB5907F4FACE}.Debug|Any CPU.Build.0 = Debug|Any CPU
		{210350FF-D377-4874-817B-EB5907F4FACE}.Release|Any CPU.ActiveCfg = Release|Any CPU
		{210350FF-D377-4874-817B-EB5907F4FACE}.Release|Any CPU.Build.0 = Release|Any CPU
		{6BB7393F-482C-4020-9C66-41C44D71BC81}.Debug|Any CPU.ActiveCfg = Debug|Any CPU
		{6BB7393F-482C-4020-9C66-41C44D71BC81}.Debug|Any CPU.Build.0 = Debug|Any CPU
		{6BB7393F-482C-4020-9C66-41C44D71BC81}.Release|Any CPU.ActiveCfg = Release|Any CPU
		{6BB7393F-482C-4020-9C66-41C44D71BC81}.Release|Any CPU.Build.0 = Release|Any CPU
		{56BFE961-D5B0-4E54-8369-8C7165E56F1D}.Debug|Any CPU.ActiveCfg = Debug|Any CPU
		{56BFE961-D5B0-4E54-8369-8C7165E56F1D}.Debug|Any CPU.Build.0 = Debug|Any CPU
		{56BFE961-D5B0-4E54-8369-8C7165E56F1D}.Release|Any CPU.ActiveCfg = Release|Any CPU
		{56BFE961-D5B0-4E54-8369-8C7165E56F1D}.Release|Any CPU.Build.0 = Release|Any CPU
		{BDC8DCC7-7306-4D65-B33A-C20966C30310}.Debug|Any CPU.ActiveCfg = Debug|Any CPU
		{BDC8DCC7-7306-4D65-B33A-C20966C30310}.Debug|Any CPU.Build.0 = Debug|Any CPU
		{BDC8DCC7-7306-4D65-B33A-C20966C30310}.Release|Any CPU.ActiveCfg = Release|Any CPU
		{BDC8DCC7-7306-4D65-B33A-C20966C30310}.Release|Any CPU.Build.0 = Release|Any CPU
		{9E5245F2-C1FB-466A-A2B2-05D2C8CF83F0}.Debug|Any CPU.ActiveCfg = Debug|Any CPU
		{9E5245F2-C1FB-466A-A2B2-05D2C8CF83F0}.Debug|Any CPU.Build.0 = Debug|Any CPU
		{9E5245F2-C1FB-466A-A2B2-05D2C8CF83F0}.Release|Any CPU.ActiveCfg = Release|Any CPU
		{9E5245F2-C1FB-466A-A2B2-05D2C8CF83F0}.Release|Any CPU.Build.0 = Release|Any CPU
		{4109D09B-B2EC-43D1-96DD-471198CE922B}.Debug|Any CPU.ActiveCfg = Debug|Any CPU
		{4109D09B-B2EC-43D1-96DD-471198CE922B}.Debug|Any CPU.Build.0 = Debug|Any CPU
		{4109D09B-B2EC-43D1-96DD-471198CE922B}.Release|Any CPU.ActiveCfg = Release|Any CPU
		{4109D09B-B2EC-43D1-96DD-471198CE922B}.Release|Any CPU.Build.0 = Release|Any CPU
	EndGlobalSection
	GlobalSection(SolutionProperties) = preSolution
		HideSolutionNode = FALSE
	EndGlobalSection
	GlobalSection(ExtensibilityGlobals) = postSolution
		SolutionGuid = {D51EBE92-CD8C-4ED5-AFE4-91DB078409AC}
	EndGlobalSection
EndGlobal
