
Microsoft Visual Studio Solution File, Format Version 12.00
# Visual Studio Version 17
VisualStudioVersion = 17.2.32630.192
MinimumVisualStudioVersion = 10.0.40219.1
Project("{9A19103F-16F7-4668-BE54-9A1E7A4F7556}") = "BaristaContest", "BaristaContest\BaristaContest.csproj", "{6CF59D48-E46B-4ECC-B311-A09DF962A446}"
EndProject
Project("{9A19103F-16F7-4668-BE54-9A1E7A4F7556}") = "HelpAMole", "HelpAMole\HelpAMole.csproj", "{8FBAB27C-48D8-4877-BC76-72FBB95DE73F}"
EndProject
Project("{9A19103F-16F7-4668-BE54-9A1E7A4F7556}") = "TilesMaster", "TilesMaster\TilesMaster.csproj", "{E52DE159-FE78-45A8-86C4-DB084E98B611}"
EndProject
Project("{9A19103F-16F7-4668-BE54-9A1E7A4F7556}") = "MealPlan", "MealPlan\MealPlan.csproj", "{CA42115D-F399-44CC-BAC2-2FA43EAF4D6E}"
EndProject
Project("{9A19103F-16F7-4668-BE54-9A1E7A4F7556}") = "TruffleHunter", "TruffleHunter\TruffleHunter.csproj", "{89ECD199-C250-4D69-BFF7-F241B34D1304}"
EndProject
Project("{9A19103F-16F7-4668-BE54-9A1E7A4F7556}") = "Blacksmith", "Blacksmith\Blacksmith.csproj", "{1A236E43-D2B8-42E4-8073-9DE46C7CBE25}"
EndProject
Project("{FAE04EC0-301F-11D3-BF4B-00C04F79EFBC}") = "Armory", "Armory\Armory.csproj", "{616123FA-7402-483B-9B2A-BDB62BEE0588}"
EndProject
Project("{FAE04EC0-301F-11D3-BF4B-00C04F79EFBC}") = "Cooking", "Coocking\Cooking.csproj", "{2243A747-4C3A-4F63-8710-D3556FE371B9}"
EndProject
Project("{FAE04EC0-301F-11D3-BF4B-00C04F79EFBC}") = "Selling", "Selling\Selling.csproj", "{A6CA5EC4-9E55-4A45-8DFE-C7EF88F56363}"
EndProject
Project("{FAE04EC0-301F-11D3-BF4B-00C04F79EFBC}") = "Openning", "Openning\Openning.csproj", "{D7842693-3E92-4FE2-B944-A1FAD8AD16EC}"
EndProject
Project("{FAE04EC0-301F-11D3-BF4B-00C04F79EFBC}") = "BakeryOpenning", "BakeryOpenning\BakeryOpenning.csproj", "{3BF6B2A4-BE78-449B-8451-69D5ECE1451E}"
EndProject
Global
	GlobalSection(SolutionConfigurationPlatforms) = preSolution
		Debug|Any CPU = Debug|Any CPU
		Release|Any CPU = Release|Any CPU
	EndGlobalSection
	GlobalSection(ProjectConfigurationPlatforms) = postSolution
		{6CF59D48-E46B-4ECC-B311-A09DF962A446}.Debug|Any CPU.ActiveCfg = Debug|Any CPU
		{6CF59D48-E46B-4ECC-B311-A09DF962A446}.Debug|Any CPU.Build.0 = Debug|Any CPU
		{6CF59D48-E46B-4ECC-B311-A09DF962A446}.Release|Any CPU.ActiveCfg = Release|Any CPU
		{6CF59D48-E46B-4ECC-B311-A09DF962A446}.Release|Any CPU.Build.0 = Release|Any CPU
		{8FBAB27C-48D8-4877-BC76-72FBB95DE73F}.Debug|Any CPU.ActiveCfg = Debug|Any CPU
		{8FBAB27C-48D8-4877-BC76-72FBB95DE73F}.Debug|Any CPU.Build.0 = Debug|Any CPU
		{8FBAB27C-48D8-4877-BC76-72FBB95DE73F}.Release|Any CPU.ActiveCfg = Release|Any CPU
		{8FBAB27C-48D8-4877-BC76-72FBB95DE73F}.Release|Any CPU.Build.0 = Release|Any CPU
		{E52DE159-FE78-45A8-86C4-DB084E98B611}.Debug|Any CPU.ActiveCfg = Debug|Any CPU
		{E52DE159-FE78-45A8-86C4-DB084E98B611}.Debug|Any CPU.Build.0 = Debug|Any CPU
		{E52DE159-FE78-45A8-86C4-DB084E98B611}.Release|Any CPU.ActiveCfg = Release|Any CPU
		{E52DE159-FE78-45A8-86C4-DB084E98B611}.Release|Any CPU.Build.0 = Release|Any CPU
		{CA42115D-F399-44CC-BAC2-2FA43EAF4D6E}.Debug|Any CPU.ActiveCfg = Debug|Any CPU
		{CA42115D-F399-44CC-BAC2-2FA43EAF4D6E}.Debug|Any CPU.Build.0 = Debug|Any CPU
		{CA42115D-F399-44CC-BAC2-2FA43EAF4D6E}.Release|Any CPU.ActiveCfg = Release|Any CPU
		{CA42115D-F399-44CC-BAC2-2FA43EAF4D6E}.Release|Any CPU.Build.0 = Release|Any CPU
		{89ECD199-C250-4D69-BFF7-F241B34D1304}.Debug|Any CPU.ActiveCfg = Debug|Any CPU
		{89ECD199-C250-4D69-BFF7-F241B34D1304}.Debug|Any CPU.Build.0 = Debug|Any CPU
		{89ECD199-C250-4D69-BFF7-F241B34D1304}.Release|Any CPU.ActiveCfg = Release|Any CPU
		{89ECD199-C250-4D69-BFF7-F241B34D1304}.Release|Any CPU.Build.0 = Release|Any CPU
		{1A236E43-D2B8-42E4-8073-9DE46C7CBE25}.Debug|Any CPU.ActiveCfg = Debug|Any CPU
		{1A236E43-D2B8-42E4-8073-9DE46C7CBE25}.Debug|Any CPU.Build.0 = Debug|Any CPU
		{1A236E43-D2B8-42E4-8073-9DE46C7CBE25}.Release|Any CPU.ActiveCfg = Release|Any CPU
		{1A236E43-D2B8-42E4-8073-9DE46C7CBE25}.Release|Any CPU.Build.0 = Release|Any CPU
		{616123FA-7402-483B-9B2A-BDB62BEE0588}.Debug|Any CPU.ActiveCfg = Debug|Any CPU
		{616123FA-7402-483B-9B2A-BDB62BEE0588}.Debug|Any CPU.Build.0 = Debug|Any CPU
		{616123FA-7402-483B-9B2A-BDB62BEE0588}.Release|Any CPU.ActiveCfg = Release|Any CPU
		{616123FA-7402-483B-9B2A-BDB62BEE0588}.Release|Any CPU.Build.0 = Release|Any CPU
		{2243A747-4C3A-4F63-8710-D3556FE371B9}.Debug|Any CPU.ActiveCfg = Debug|Any CPU
		{2243A747-4C3A-4F63-8710-D3556FE371B9}.Debug|Any CPU.Build.0 = Debug|Any CPU
		{2243A747-4C3A-4F63-8710-D3556FE371B9}.Release|Any CPU.ActiveCfg = Release|Any CPU
		{2243A747-4C3A-4F63-8710-D3556FE371B9}.Release|Any CPU.Build.0 = Release|Any CPU
		{A6CA5EC4-9E55-4A45-8DFE-C7EF88F56363}.Debug|Any CPU.ActiveCfg = Debug|Any CPU
		{A6CA5EC4-9E55-4A45-8DFE-C7EF88F56363}.Debug|Any CPU.Build.0 = Debug|Any CPU
		{A6CA5EC4-9E55-4A45-8DFE-C7EF88F56363}.Release|Any CPU.ActiveCfg = Release|Any CPU
		{A6CA5EC4-9E55-4A45-8DFE-C7EF88F56363}.Release|Any CPU.Build.0 = Release|Any CPU
		{D7842693-3E92-4FE2-B944-A1FAD8AD16EC}.Debug|Any CPU.ActiveCfg = Debug|Any CPU
		{D7842693-3E92-4FE2-B944-A1FAD8AD16EC}.Debug|Any CPU.Build.0 = Debug|Any CPU
		{D7842693-3E92-4FE2-B944-A1FAD8AD16EC}.Release|Any CPU.ActiveCfg = Release|Any CPU
		{D7842693-3E92-4FE2-B944-A1FAD8AD16EC}.Release|Any CPU.Build.0 = Release|Any CPU
		{3BF6B2A4-BE78-449B-8451-69D5ECE1451E}.Debug|Any CPU.ActiveCfg = Debug|Any CPU
		{3BF6B2A4-BE78-449B-8451-69D5ECE1451E}.Debug|Any CPU.Build.0 = Debug|Any CPU
		{3BF6B2A4-BE78-449B-8451-69D5ECE1451E}.Release|Any CPU.ActiveCfg = Release|Any CPU
		{3BF6B2A4-BE78-449B-8451-69D5ECE1451E}.Release|Any CPU.Build.0 = Release|Any CPU
	EndGlobalSection
	GlobalSection(SolutionProperties) = preSolution
		HideSolutionNode = FALSE
	EndGlobalSection
	GlobalSection(ExtensibilityGlobals) = postSolution
		SolutionGuid = {46094B63-9D2B-4B14-83FD-DB2CEC102FBF}
	EndGlobalSection
EndGlobal
