
Microsoft Visual Studio Solution File, Format Version 12.00
# Visual Studio Version 17
VisualStudioVersion = 17.2.32630.192
MinimumVisualStudioVersion = 10.0.40219.1
Project("{FAE04EC0-301F-11D3-BF4B-00C04F79EFBC}") = "Car", "Car\Car.csproj", "{41E09E3A-ABE4-4074-8FF1-F109FF50C4E9}"
EndProject
Project("{FAE04EC0-301F-11D3-BF4B-00C04F79EFBC}") = "CarExtension", "CarExtension\CarExtension.csproj", "{01832D70-1671-4269-A4B9-B2CDBA6CD8B5}"
EndProject
Project("{FAE04EC0-301F-11D3-BF4B-00C04F79EFBC}") = "CarConstructors", "CarConstructors\CarConstructors.csproj", "{DE97DF29-484B-4B88-977E-0F6FF5FA0DAF}"
EndProject
Global
	GlobalSection(SolutionConfigurationPlatforms) = preSolution
		Debug|Any CPU = Debug|Any CPU
		Release|Any CPU = Release|Any CPU
	EndGlobalSection
	GlobalSection(ProjectConfigurationPlatforms) = postSolution
		{41E09E3A-ABE4-4074-8FF1-F109FF50C4E9}.Debug|Any CPU.ActiveCfg = Debug|Any CPU
		{41E09E3A-ABE4-4074-8FF1-F109FF50C4E9}.Debug|Any CPU.Build.0 = Debug|Any CPU
		{41E09E3A-ABE4-4074-8FF1-F109FF50C4E9}.Release|Any CPU.ActiveCfg = Release|Any CPU
		{41E09E3A-ABE4-4074-8FF1-F109FF50C4E9}.Release|Any CPU.Build.0 = Release|Any CPU
		{01832D70-1671-4269-A4B9-B2CDBA6CD8B5}.Debug|Any CPU.ActiveCfg = Debug|Any CPU
		{01832D70-1671-4269-A4B9-B2CDBA6CD8B5}.Debug|Any CPU.Build.0 = Debug|Any CPU
		{01832D70-1671-4269-A4B9-B2CDBA6CD8B5}.Release|Any CPU.ActiveCfg = Release|Any CPU
		{01832D70-1671-4269-A4B9-B2CDBA6CD8B5}.Release|Any CPU.Build.0 = Release|Any CPU
		{DE97DF29-484B-4B88-977E-0F6FF5FA0DAF}.Debug|Any CPU.ActiveCfg = Debug|Any CPU
		{DE97DF29-484B-4B88-977E-0F6FF5FA0DAF}.Debug|Any CPU.Build.0 = Debug|Any CPU
		{DE97DF29-484B-4B88-977E-0F6FF5FA0DAF}.Release|Any CPU.ActiveCfg = Release|Any CPU
		{DE97DF29-484B-4B88-977E-0F6FF5FA0DAF}.Release|Any CPU.Build.0 = Release|Any CPU
	EndGlobalSection
	GlobalSection(SolutionProperties) = preSolution
		HideSolutionNode = FALSE
	EndGlobalSection
	GlobalSection(ExtensibilityGlobals) = postSolution
		SolutionGuid = {B6FBBF92-B299-4CE3-9FA6-839240D17E74}
	EndGlobalSection
EndGlobal
