
Microsoft Visual Studio Solution File, Format Version 12.00
# Visual Studio Version 17
VisualStudioVersion = 17.2.32630.192
MinimumVisualStudioVersion = 10.0.40219.1
Project("{9A19103F-16F7-4668-BE54-9A1E7A4F7556}") = "BoxOfT", "BoxOfT\BoxOfT.csproj", "{3762FF7D-A669-42AB-9D56-727DDB65E299}"
EndProject
Project("{9A19103F-16F7-4668-BE54-9A1E7A4F7556}") = "GenericArrayCreator", "GenericArrayCreator\GenericArrayCreator.csproj", "{45B9E637-EF88-43ED-A284-B1ABF6C024D4}"
EndProject
Project("{9A19103F-16F7-4668-BE54-9A1E7A4F7556}") = "GenericScale", "GenericScale\GenericScale.csproj", "{090FF592-FAEA-4F2D-AE46-F3659F5DCBB8}"
EndProject
Project("{9A19103F-16F7-4668-BE54-9A1E7A4F7556}") = "GenericBoxOfString", "GenericBoxOfString\GenericBoxOfString.csproj", "{5C978709-ADDF-47E7-B5BB-BBB0ABB14087}"
EndProject
Project("{FAE04EC0-301F-11D3-BF4B-00C04F79EFBC}") = "GenericBoxOfInteger", "GenericBoxOfInteger\GenericBoxOfInteger.csproj", "{81ED4F47-2AA9-491D-B19B-3EABFBC49AE1}"
EndProject
Global
	GlobalSection(SolutionConfigurationPlatforms) = preSolution
		Debug|Any CPU = Debug|Any CPU
		Release|Any CPU = Release|Any CPU
	EndGlobalSection
	GlobalSection(ProjectConfigurationPlatforms) = postSolution
		{3762FF7D-A669-42AB-9D56-727DDB65E299}.Debug|Any CPU.ActiveCfg = Debug|Any CPU
		{3762FF7D-A669-42AB-9D56-727DDB65E299}.Debug|Any CPU.Build.0 = Debug|Any CPU
		{3762FF7D-A669-42AB-9D56-727DDB65E299}.Release|Any CPU.ActiveCfg = Release|Any CPU
		{3762FF7D-A669-42AB-9D56-727DDB65E299}.Release|Any CPU.Build.0 = Release|Any CPU
		{45B9E637-EF88-43ED-A284-B1ABF6C024D4}.Debug|Any CPU.ActiveCfg = Debug|Any CPU
		{45B9E637-EF88-43ED-A284-B1ABF6C024D4}.Debug|Any CPU.Build.0 = Debug|Any CPU
		{45B9E637-EF88-43ED-A284-B1ABF6C024D4}.Release|Any CPU.ActiveCfg = Release|Any CPU
		{45B9E637-EF88-43ED-A284-B1ABF6C024D4}.Release|Any CPU.Build.0 = Release|Any CPU
		{090FF592-FAEA-4F2D-AE46-F3659F5DCBB8}.Debug|Any CPU.ActiveCfg = Debug|Any CPU
		{090FF592-FAEA-4F2D-AE46-F3659F5DCBB8}.Debug|Any CPU.Build.0 = Debug|Any CPU
		{090FF592-FAEA-4F2D-AE46-F3659F5DCBB8}.Release|Any CPU.ActiveCfg = Release|Any CPU
		{090FF592-FAEA-4F2D-AE46-F3659F5DCBB8}.Release|Any CPU.Build.0 = Release|Any CPU
		{5C978709-ADDF-47E7-B5BB-BBB0ABB14087}.Debug|Any CPU.ActiveCfg = Debug|Any CPU
		{5C978709-ADDF-47E7-B5BB-BBB0ABB14087}.Debug|Any CPU.Build.0 = Debug|Any CPU
		{5C978709-ADDF-47E7-B5BB-BBB0ABB14087}.Release|Any CPU.ActiveCfg = Release|Any CPU
		{5C978709-ADDF-47E7-B5BB-BBB0ABB14087}.Release|Any CPU.Build.0 = Release|Any CPU
		{81ED4F47-2AA9-491D-B19B-3EABFBC49AE1}.Debug|Any CPU.ActiveCfg = Debug|Any CPU
		{81ED4F47-2AA9-491D-B19B-3EABFBC49AE1}.Debug|Any CPU.Build.0 = Debug|Any CPU
		{81ED4F47-2AA9-491D-B19B-3EABFBC49AE1}.Release|Any CPU.ActiveCfg = Release|Any CPU
		{81ED4F47-2AA9-491D-B19B-3EABFBC49AE1}.Release|Any CPU.Build.0 = Release|Any CPU
	EndGlobalSection
	GlobalSection(SolutionProperties) = preSolution
		HideSolutionNode = FALSE
	EndGlobalSection
	GlobalSection(ExtensibilityGlobals) = postSolution
		SolutionGuid = {33648BF6-477B-447F-B580-579BF3ADE867}
	EndGlobalSection
EndGlobal
